// !$*UTF8*$!
{
	archiveVersion = 1;
	classes = {
	};
	objectVersion = 51;
	objects = {

/* Begin PBXBuildFile section */
		8EEAACD2B756EC063F8D7711 /* Pods_MoviesReviewer.framework in Frameworks */ = {isa = PBXBuildFile; fileRef = 4FF385F4D1A1638C8FDA752B /* Pods_MoviesReviewer.framework */; };
		C209697328676C7000AF4CB4 /* CustomCollectionViewCell.swift in Sources */ = {isa = PBXBuildFile; fileRef = C209697228676C7000AF4CB4 /* CustomCollectionViewCell.swift */; };
		C25FD99E280B6D3800100B8A /* AppDelegate.swift in Sources */ = {isa = PBXBuildFile; fileRef = C25FD99D280B6D3800100B8A /* AppDelegate.swift */; };
		C25FD9A0280B6D3800100B8A /* SceneDelegate.swift in Sources */ = {isa = PBXBuildFile; fileRef = C25FD99F280B6D3800100B8A /* SceneDelegate.swift */; };
		C25FD9A2280B6D3800100B8A /* ViewController.swift in Sources */ = {isa = PBXBuildFile; fileRef = C25FD9A1280B6D3800100B8A /* ViewController.swift */; };
		C25FD9A7280B6D3C00100B8A /* Assets.xcassets in Resources */ = {isa = PBXBuildFile; fileRef = C25FD9A6280B6D3C00100B8A /* Assets.xcassets */; };
		C25FD9AA280B6D3C00100B8A /* LaunchScreen.storyboard in Resources */ = {isa = PBXBuildFile; fileRef = C25FD9A8280B6D3C00100B8A /* LaunchScreen.storyboard */; };
		C25FD9B4280B701A00100B8A /* duneposter.jpeg in Resources */ = {isa = PBXBuildFile; fileRef = C25FD9B3280B701A00100B8A /* duneposter.jpeg */; };
		C25FD9B7280CD2C600100B8A /* Movie.swift in Sources */ = {isa = PBXBuildFile; fileRef = C25FD9B6280CD2C600100B8A /* Movie.swift */; };
		C25FD9BC280CD64900100B8A /* MovieServices.swift in Sources */ = {isa = PBXBuildFile; fileRef = C25FD9BB280CD64900100B8A /* MovieServices.swift */; };
		C25FD9C02813138C00100B8A /* MoviePageViewController.swift in Sources */ = {isa = PBXBuildFile; fileRef = C25FD9BF2813138C00100B8A /* MoviePageViewController.swift */; };
		C2BDC5F12860CCD200613CE3 /* CustomCollectionView.swift in Sources */ = {isa = PBXBuildFile; fileRef = C2BDC5F02860CCD200613CE3 /* CustomCollectionView.swift */; };
		C2BDC5F52860CE5400613CE3 /* avengersposter.jpeg in Resources */ = {isa = PBXBuildFile; fileRef = C2BDC5F42860CE5400613CE3 /* avengersposter.jpeg */; };
		C2CAD728282B31420020D8A9 /* Main.storyboard in Resources */ = {isa = PBXBuildFile; fileRef = C25FD9A3280B6D3800100B8A /* Main.storyboard */; };
		C2D315AD28490BA30002A641 /* MovieStore.swift in Sources */ = {isa = PBXBuildFile; fileRef = C2D315AC28490BA30002A641 /* MovieStore.swift */; };
		C2D315B0284FFFA70002A641 /* MovieTableViewCell.swift in Sources */ = {isa = PBXBuildFile; fileRef = C2D315AF284FFFA60002A641 /* MovieTableViewCell.swift */; };
		C2E19F462868C8C800B45D35 /* MoviePosterCollectionViewCell.swift in Sources */ = {isa = PBXBuildFile; fileRef = C2E19F452868C8C800B45D35 /* MoviePosterCollectionViewCell.swift */; };
		C2EA29C32840CEBC0036AC21 /* SearchResultsViewController.swift in Sources */ = {isa = PBXBuildFile; fileRef = C2EA29C22840CEBC0036AC21 /* SearchResultsViewController.swift */; };
/* End PBXBuildFile section */

/* Begin PBXFileReference section */
		1CBB0F1D9991EACBD882CEAA /* Pods-MoviesReviewer.debug.xcconfig */ = {isa = PBXFileReference; includeInIndex = 1; lastKnownFileType = text.xcconfig; name = "Pods-MoviesReviewer.debug.xcconfig"; path = "Target Support Files/Pods-MoviesReviewer/Pods-MoviesReviewer.debug.xcconfig"; sourceTree = "<group>"; };
		4FF385F4D1A1638C8FDA752B /* Pods_MoviesReviewer.framework */ = {isa = PBXFileReference; explicitFileType = wrapper.framework; includeInIndex = 0; path = Pods_MoviesReviewer.framework; sourceTree = BUILT_PRODUCTS_DIR; };
		C209697228676C7000AF4CB4 /* CustomCollectionViewCell.swift */ = {isa = PBXFileReference; lastKnownFileType = sourcecode.swift; path = CustomCollectionViewCell.swift; sourceTree = "<group>"; };
		C25FD99A280B6D3800100B8A /* MoviesReviewer.app */ = {isa = PBXFileReference; explicitFileType = wrapper.application; includeInIndex = 0; path = MoviesReviewer.app; sourceTree = BUILT_PRODUCTS_DIR; };
		C25FD99D280B6D3800100B8A /* AppDelegate.swift */ = {isa = PBXFileReference; lastKnownFileType = sourcecode.swift; path = AppDelegate.swift; sourceTree = "<group>"; };
		C25FD99F280B6D3800100B8A /* SceneDelegate.swift */ = {isa = PBXFileReference; lastKnownFileType = sourcecode.swift; path = SceneDelegate.swift; sourceTree = "<group>"; };
		C25FD9A1280B6D3800100B8A /* ViewController.swift */ = {isa = PBXFileReference; lastKnownFileType = sourcecode.swift; path = ViewController.swift; sourceTree = "<group>"; };
		C25FD9A4280B6D3800100B8A /* Base */ = {isa = PBXFileReference; lastKnownFileType = file.storyboard; name = Base; path = Base.lproj/Main.storyboard; sourceTree = "<group>"; };
		C25FD9A6280B6D3C00100B8A /* Assets.xcassets */ = {isa = PBXFileReference; lastKnownFileType = folder.assetcatalog; path = Assets.xcassets; sourceTree = "<group>"; };
		C25FD9A9280B6D3C00100B8A /* Base */ = {isa = PBXFileReference; lastKnownFileType = file.storyboard; name = Base; path = Base.lproj/LaunchScreen.storyboard; sourceTree = "<group>"; };
		C25FD9AB280B6D3C00100B8A /* Info.plist */ = {isa = PBXFileReference; lastKnownFileType = text.plist.xml; path = Info.plist; sourceTree = "<group>"; };
		C25FD9B3280B701A00100B8A /* duneposter.jpeg */ = {isa = PBXFileReference; lastKnownFileType = image.jpeg; name = duneposter.jpeg; path = MoviesReviewer/Resources/duneposter.jpeg; sourceTree = SOURCE_ROOT; };
		C25FD9B6280CD2C600100B8A /* Movie.swift */ = {isa = PBXFileReference; lastKnownFileType = sourcecode.swift; path = Movie.swift; sourceTree = "<group>"; };
		C25FD9BB280CD64900100B8A /* MovieServices.swift */ = {isa = PBXFileReference; lastKnownFileType = sourcecode.swift; path = MovieServices.swift; sourceTree = "<group>"; };
		C25FD9BF2813138C00100B8A /* MoviePageViewController.swift */ = {isa = PBXFileReference; lastKnownFileType = sourcecode.swift; path = MoviePageViewController.swift; sourceTree = "<group>"; };
		C2BDC5F02860CCD200613CE3 /* CustomCollectionView.swift */ = {isa = PBXFileReference; lastKnownFileType = sourcecode.swift; path = CustomCollectionView.swift; sourceTree = "<group>"; };
		C2BDC5F42860CE5400613CE3 /* avengersposter.jpeg */ = {isa = PBXFileReference; lastKnownFileType = image.jpeg; name = avengersposter.jpeg; path = ../../../../../Desktop/avengersposter.jpeg; sourceTree = "<group>"; };
		C2D315AC28490BA30002A641 /* MovieStore.swift */ = {isa = PBXFileReference; lastKnownFileType = sourcecode.swift; path = MovieStore.swift; sourceTree = "<group>"; };
		C2D315AF284FFFA60002A641 /* MovieTableViewCell.swift */ = {isa = PBXFileReference; lastKnownFileType = sourcecode.swift; path = MovieTableViewCell.swift; sourceTree = "<group>"; };
		C2E19F452868C8C800B45D35 /* MoviePosterCollectionViewCell.swift */ = {isa = PBXFileReference; lastKnownFileType = sourcecode.swift; path = MoviePosterCollectionViewCell.swift; sourceTree = "<group>"; };
		C2EA29C22840CEBC0036AC21 /* SearchResultsViewController.swift */ = {isa = PBXFileReference; lastKnownFileType = sourcecode.swift; path = SearchResultsViewController.swift; sourceTree = "<group>"; };
		D6CE3F85957A4441CE1BC979 /* Pods-MoviesReviewer.release.xcconfig */ = {isa = PBXFileReference; includeInIndex = 1; lastKnownFileType = text.xcconfig; name = "Pods-MoviesReviewer.release.xcconfig"; path = "Target Support Files/Pods-MoviesReviewer/Pods-MoviesReviewer.release.xcconfig"; sourceTree = "<group>"; };
/* End PBXFileReference section */

/* Begin PBXFrameworksBuildPhase section */
		C25FD997280B6D3800100B8A /* Frameworks */ = {
			isa = PBXFrameworksBuildPhase;
			buildActionMask = 2147483647;
			files = (
				8EEAACD2B756EC063F8D7711 /* Pods_MoviesReviewer.framework in Frameworks */,
			);
			runOnlyForDeploymentPostprocessing = 0;
		};
/* End PBXFrameworksBuildPhase section */

/* Begin PBXGroup section */
		14CC4D1B1ACC9A7F5427E54C /* Pods */ = {
			isa = PBXGroup;
			children = (
				1CBB0F1D9991EACBD882CEAA /* Pods-MoviesReviewer.debug.xcconfig */,
				D6CE3F85957A4441CE1BC979 /* Pods-MoviesReviewer.release.xcconfig */,
			);
			path = Pods;
			sourceTree = "<group>";
		};
		8D972BB7BE272D88B56ECDF8 /* Frameworks */ = {
			isa = PBXGroup;
			children = (
				4FF385F4D1A1638C8FDA752B /* Pods_MoviesReviewer.framework */,
			);
			name = Frameworks;
			sourceTree = "<group>";
		};
		C25FD991280B6D3800100B8A = {
			isa = PBXGroup;
			children = (
				C25FD99C280B6D3800100B8A /* MoviesReviewer */,
				C25FD99B280B6D3800100B8A /* Products */,
				14CC4D1B1ACC9A7F5427E54C /* Pods */,
				8D972BB7BE272D88B56ECDF8 /* Frameworks */,
			);
			sourceTree = "<group>";
		};
		C25FD99B280B6D3800100B8A /* Products */ = {
			isa = PBXGroup;
			children = (
				C25FD99A280B6D3800100B8A /* MoviesReviewer.app */,
			);
			name = Products;
			sourceTree = "<group>";
		};
		C25FD99C280B6D3800100B8A /* MoviesReviewer */ = {
			isa = PBXGroup;
			children = (
				C25FD9BA280CD62F00100B8A /* Services */,
				C25FD9B9280CD43400100B8A /* Models */,
				C27346BA28248A38005B67FC /* Screens */,
				C25FD9B2280B700500100B8A /* Materials */,
				C25FD99D280B6D3800100B8A /* AppDelegate.swift */,
				C25FD99F280B6D3800100B8A /* SceneDelegate.swift */,
				C25FD9A3280B6D3800100B8A /* Main.storyboard */,
				C25FD9A6280B6D3C00100B8A /* Assets.xcassets */,
				C25FD9A8280B6D3C00100B8A /* LaunchScreen.storyboard */,
				C25FD9AB280B6D3C00100B8A /* Info.plist */,
				C2D315AF284FFFA60002A641 /* MovieTableViewCell.swift */,
			);
			path = MoviesReviewer;
			sourceTree = "<group>";
		};
		C25FD9B2280B700500100B8A /* Materials */ = {
			isa = PBXGroup;
			children = (
				C2BDC5F42860CE5400613CE3 /* avengersposter.jpeg */,
				C25FD9B3280B701A00100B8A /* duneposter.jpeg */,
			);
			path = Materials;
			sourceTree = "<group>";
		};
		C25FD9B9280CD43400100B8A /* Models */ = {
			isa = PBXGroup;
			children = (
				C25FD9B6280CD2C600100B8A /* Movie.swift */,
				C2BDC5F02860CCD200613CE3 /* CustomCollectionView.swift */,
				C209697228676C7000AF4CB4 /* CustomCollectionViewCell.swift */,
				C2E19F452868C8C800B45D35 /* MoviePosterCollectionViewCell.swift */,
			);
			path = Models;
			sourceTree = "<group>";
		};
		C25FD9BA280CD62F00100B8A /* Services */ = {
			isa = PBXGroup;
			children = (
				C25FD9BB280CD64900100B8A /* MovieServices.swift */,
				C2D315AC28490BA30002A641 /* MovieStore.swift */,
			);
			path = Services;
			sourceTree = "<group>";
		};
		C27346BA28248A38005B67FC /* Screens */ = {
			isa = PBXGroup;
			children = (
				C25FD9A1280B6D3800100B8A /* ViewController.swift */,
				C2EA29C22840CEBC0036AC21 /* SearchResultsViewController.swift */,
				C25FD9BF2813138C00100B8A /* MoviePageViewController.swift */,
			);
			path = Screens;
			sourceTree = "<group>";
		};
/* End PBXGroup section */

/* Begin PBXNativeTarget section */
		C25FD999280B6D3800100B8A /* MoviesReviewer */ = {
			isa = PBXNativeTarget;
			buildConfigurationList = C25FD9AE280B6D3C00100B8A /* Build configuration list for PBXNativeTarget "MoviesReviewer" */;
			buildPhases = (
				91509ED8842F76E7B9BC4A3D /* [CP] Check Pods Manifest.lock */,
				C25FD996280B6D3800100B8A /* Sources */,
				C25FD997280B6D3800100B8A /* Frameworks */,
				C25FD998280B6D3800100B8A /* Resources */,
				839D0BB6A244726DC0A545DF /* [CP] Embed Pods Frameworks */,
			);
			buildRules = (
			);
			dependencies = (
			);
			name = MoviesReviewer;
			productName = MoviesReviewer;
			productReference = C25FD99A280B6D3800100B8A /* MoviesReviewer.app */;
			productType = "com.apple.product-type.application";
		};
/* End PBXNativeTarget section */

/* Begin PBXProject section */
		C25FD992280B6D3800100B8A /* Project object */ = {
			isa = PBXProject;
			attributes = {
				LastSwiftUpdateCheck = 1240;
				LastUpgradeCheck = 1240;
				TargetAttributes = {
					C25FD999280B6D3800100B8A = {
						CreatedOnToolsVersion = 12.4;
					};
				};
			};
			buildConfigurationList = C25FD995280B6D3800100B8A /* Build configuration list for PBXProject "MoviesReviewer" */;
			compatibilityVersion = "Xcode 9.3";
			developmentRegion = en;
			hasScannedForEncodings = 0;
			knownRegions = (
				en,
				Base,
			);
			mainGroup = C25FD991280B6D3800100B8A;
			productRefGroup = C25FD99B280B6D3800100B8A /* Products */;
			projectDirPath = "";
			projectRoot = "";
			targets = (
				C25FD999280B6D3800100B8A /* MoviesReviewer */,
			);
		};
/* End PBXProject section */

/* Begin PBXResourcesBuildPhase section */
		C25FD998280B6D3800100B8A /* Resources */ = {
			isa = PBXResourcesBuildPhase;
			buildActionMask = 2147483647;
			files = (
				C25FD9B4280B701A00100B8A /* duneposter.jpeg in Resources */,
				C2BDC5F52860CE5400613CE3 /* avengersposter.jpeg in Resources */,
				C25FD9AA280B6D3C00100B8A /* LaunchScreen.storyboard in Resources */,
				C25FD9A7280B6D3C00100B8A /* Assets.xcassets in Resources */,
				C2CAD728282B31420020D8A9 /* Main.storyboard in Resources */,
			);
			runOnlyForDeploymentPostprocessing = 0;
		};
/* End PBXResourcesBuildPhase section */

/* Begin PBXShellScriptBuildPhase section */
		839D0BB6A244726DC0A545DF /* [CP] Embed Pods Frameworks */ = {
			isa = PBXShellScriptBuildPhase;
			buildActionMask = 2147483647;
			files = (
			);
			inputFileListPaths = (
				"${PODS_ROOT}/Target Support Files/Pods-MoviesReviewer/Pods-MoviesReviewer-frameworks-${CONFIGURATION}-input-files.xcfilelist",
			);
			name = "[CP] Embed Pods Frameworks";
			outputFileListPaths = (
				"${PODS_ROOT}/Target Support Files/Pods-MoviesReviewer/Pods-MoviesReviewer-frameworks-${CONFIGURATION}-output-files.xcfilelist",
			);
			runOnlyForDeploymentPostprocessing = 0;
			shellPath = /bin/sh;
			shellScript = "\"${PODS_ROOT}/Target Support Files/Pods-MoviesReviewer/Pods-MoviesReviewer-frameworks.sh\"\n";
			showEnvVarsInLog = 0;
		};
		91509ED8842F76E7B9BC4A3D /* [CP] Check Pods Manifest.lock */ = {
			isa = PBXShellScriptBuildPhase;
			buildActionMask = 2147483647;
			files = (
			);
			inputFileListPaths = (
			);
			inputPaths = (
				"${PODS_PODFILE_DIR_PATH}/Podfile.lock",
				"${PODS_ROOT}/Manifest.lock",
			);
			name = "[CP] Check Pods Manifest.lock";
			outputFileListPaths = (
			);
			outputPaths = (
				"$(DERIVED_FILE_DIR)/Pods-MoviesReviewer-checkManifestLockResult.txt",
			);
			runOnlyForDeploymentPostprocessing = 0;
			shellPath = /bin/sh;
			shellScript = "diff \"${PODS_PODFILE_DIR_PATH}/Podfile.lock\" \"${PODS_ROOT}/Manifest.lock\" > /dev/null\nif [ $? != 0 ] ; then\n    # print error to STDERR\n    echo \"error: The sandbox is not in sync with the Podfile.lock. Run 'pod install' or update your CocoaPods installation.\" >&2\n    exit 1\nfi\n# This output is used by Xcode 'outputs' to avoid re-running this script phase.\necho \"SUCCESS\" > \"${SCRIPT_OUTPUT_FILE_0}\"\n";
			showEnvVarsInLog = 0;
		};
/* End PBXShellScriptBuildPhase section */

/* Begin PBXSourcesBuildPhase section */
		C25FD996280B6D3800100B8A /* Sources */ = {
			isa = PBXSourcesBuildPhase;
			buildActionMask = 2147483647;
			files = (
				C2D315AD28490BA30002A641 /* MovieStore.swift in Sources */,
				C2BDC5F12860CCD200613CE3 /* CustomCollectionView.swift in Sources */,
				C25FD9C02813138C00100B8A /* MoviePageViewController.swift in Sources */,
				C2D315B0284FFFA70002A641 /* MovieTableViewCell.swift in Sources */,
				C25FD9B7280CD2C600100B8A /* Movie.swift in Sources */,
				C25FD9A2280B6D3800100B8A /* ViewController.swift in Sources */,
				C2E19F462868C8C800B45D35 /* MoviePosterCollectionViewCell.swift in Sources */,
				C25FD9BC280CD64900100B8A /* MovieServices.swift in Sources */,
				C25FD99E280B6D3800100B8A /* AppDelegate.swift in Sources */,
				C2EA29C32840CEBC0036AC21 /* SearchResultsViewController.swift in Sources */,
				C25FD9A0280B6D3800100B8A /* SceneDelegate.swift in Sources */,
				C209697328676C7000AF4CB4 /* CustomCollectionViewCell.swift in Sources */,
			);
			runOnlyForDeploymentPostprocessing = 0;
		};
/* End PBXSourcesBuildPhase section */

/* Begin PBXVariantGroup section */
		C25FD9A3280B6D3800100B8A /* Main.storyboard */ = {
			isa = PBXVariantGroup;
			children = (
				C25FD9A4280B6D3800100B8A /* Base */,
			);
			name = Main.storyboard;
			sourceTree = "<group>";
		};
		C25FD9A8280B6D3C00100B8A /* LaunchScreen.storyboard */ = {
			isa = PBXVariantGroup;
			children = (
				C25FD9A9280B6D3C00100B8A /* Base */,
			);
			name = LaunchScreen.storyboard;
			sourceTree = "<group>";
		};
/* End PBXVariantGroup section */

/* Begin XCBuildConfiguration section */
		C25FD9AC280B6D3C00100B8A /* Debug */ = {
			isa = XCBuildConfiguration;
			buildSettings = {
				ALWAYS_SEARCH_USER_PATHS = NO;
				CLANG_ANALYZER_NONNULL = YES;
				CLANG_ANALYZER_NUMBER_OBJECT_CONVERSION = YES_AGGRESSIVE;
				CLANG_CXX_LANGUAGE_STANDARD = "gnu++14";
				CLANG_CXX_LIBRARY = "libc++";
				CLANG_ENABLE_MODULES = YES;
				CLANG_ENABLE_OBJC_ARC = YES;
				CLANG_ENABLE_OBJC_WEAK = YES;
				CLANG_WARN_BLOCK_CAPTURE_AUTORELEASING = YES;
				CLANG_WARN_BOOL_CONVERSION = YES;
				CLANG_WARN_COMMA = YES;
				CLANG_WARN_CONSTANT_CONVERSION = YES;
				CLANG_WARN_DEPRECATED_OBJC_IMPLEMENTATIONS = YES;
				CLANG_WARN_DIRECT_OBJC_ISA_USAGE = YES_ERROR;
				CLANG_WARN_DOCUMENTATION_COMMENTS = YES;
				CLANG_WARN_EMPTY_BODY = YES;
				CLANG_WARN_ENUM_CONVERSION = YES;
				CLANG_WARN_INFINITE_RECURSION = YES;
				CLANG_WARN_INT_CONVERSION = YES;
				CLANG_WARN_NON_LITERAL_NULL_CONVERSION = YES;
				CLANG_WARN_OBJC_IMPLICIT_RETAIN_SELF = YES;
				CLANG_WARN_OBJC_LITERAL_CONVERSION = YES;
				CLANG_WARN_OBJC_ROOT_CLASS = YES_ERROR;
				CLANG_WARN_QUOTED_INCLUDE_IN_FRAMEWORK_HEADER = YES;
				CLANG_WARN_RANGE_LOOP_ANALYSIS = YES;
				CLANG_WARN_STRICT_PROTOTYPES = YES;
				CLANG_WARN_SUSPICIOUS_MOVE = YES;
				CLANG_WARN_UNGUARDED_AVAILABILITY = YES_AGGRESSIVE;
				CLANG_WARN_UNREACHABLE_CODE = YES;
				CLANG_WARN__DUPLICATE_METHOD_MATCH = YES;
				COPY_PHASE_STRIP = NO;
				DEBUG_INFORMATION_FORMAT = dwarf;
				ENABLE_STRICT_OBJC_MSGSEND = YES;
				ENABLE_TESTABILITY = YES;
				GCC_C_LANGUAGE_STANDARD = gnu11;
				GCC_DYNAMIC_NO_PIC = NO;
				GCC_NO_COMMON_BLOCKS = YES;
				GCC_OPTIMIZATION_LEVEL = 0;
				GCC_PREPROCESSOR_DEFINITIONS = (
					"DEBUG=1",
					"$(inherited)",
				);
				GCC_WARN_64_TO_32_BIT_CONVERSION = YES;
				GCC_WARN_ABOUT_RETURN_TYPE = YES_ERROR;
				GCC_WARN_UNDECLARED_SELECTOR = YES;
				GCC_WARN_UNINITIALIZED_AUTOS = YES_AGGRESSIVE;
				GCC_WARN_UNUSED_FUNCTION = YES;
				GCC_WARN_UNUSED_VARIABLE = YES;
				IPHONEOS_DEPLOYMENT_TARGET = 14.4;
				MTL_ENABLE_DEBUG_INFO = INCLUDE_SOURCE;
				MTL_FAST_MATH = YES;
				ONLY_ACTIVE_ARCH = YES;
				SDKROOT = iphoneos;
				SWIFT_ACTIVE_COMPILATION_CONDITIONS = DEBUG;
				SWIFT_OPTIMIZATION_LEVEL = "-Onone";
			};
			name = Debug;
		};
		C25FD9AD280B6D3C00100B8A /* Release */ = {
			isa = XCBuildConfiguration;
			buildSettings = {
				ALWAYS_SEARCH_USER_PATHS = NO;
				CLANG_ANALYZER_NONNULL = YES;
				CLANG_ANALYZER_NUMBER_OBJECT_CONVERSION = YES_AGGRESSIVE;
				CLANG_CXX_LANGUAGE_STANDARD = "gnu++14";
				CLANG_CXX_LIBRARY = "libc++";
				CLANG_ENABLE_MODULES = YES;
				CLANG_ENABLE_OBJC_ARC = YES;
				CLANG_ENABLE_OBJC_WEAK = YES;
				CLANG_WARN_BLOCK_CAPTURE_AUTORELEASING = YES;
				CLANG_WARN_BOOL_CONVERSION = YES;
				CLANG_WARN_COMMA = YES;
				CLANG_WARN_CONSTANT_CONVERSION = YES;
				CLANG_WARN_DEPRECATED_OBJC_IMPLEMENTATIONS = YES;
				CLANG_WARN_DIRECT_OBJC_ISA_USAGE = YES_ERROR;
				CLANG_WARN_DOCUMENTATION_COMMENTS = YES;
				CLANG_WARN_EMPTY_BODY = YES;
				CLANG_WARN_ENUM_CONVERSION = YES;
				CLANG_WARN_INFINITE_RECURSION = YES;
				CLANG_WARN_INT_CONVERSION = YES;
				CLANG_WARN_NON_LITERAL_NULL_CONVERSION = YES;
				CLANG_WARN_OBJC_IMPLICIT_RETAIN_SELF = YES;
				CLANG_WARN_OBJC_LITERAL_CONVERSION = YES;
				CLANG_WARN_OBJC_ROOT_CLASS = YES_ERROR;
				CLANG_WARN_QUOTED_INCLUDE_IN_FRAMEWORK_HEADER = YES;
				CLANG_WARN_RANGE_LOOP_ANALYSIS = YES;
				CLANG_WARN_STRICT_PROTOTYPES = YES;
				CLANG_WARN_SUSPICIOUS_MOVE = YES;
				CLANG_WARN_UNGUARDED_AVAILABILITY = YES_AGGRESSIVE;
				CLANG_WARN_UNREACHABLE_CODE = YES;
				CLANG_WARN__DUPLICATE_METHOD_MATCH = YES;
				COPY_PHASE_STRIP = NO;
				DEBUG_INFORMATION_FORMAT = "dwarf-with-dsym";
				ENABLE_NS_ASSERTIONS = NO;
				ENABLE_STRICT_OBJC_MSGSEND = YES;
				GCC_C_LANGUAGE_STANDARD = gnu11;
				GCC_NO_COMMON_BLOCKS = YES;
				GCC_WARN_64_TO_32_BIT_CONVERSION = YES;
				GCC_WARN_ABOUT_RETURN_TYPE = YES_ERROR;
				GCC_WARN_UNDECLARED_SELECTOR = YES;
				GCC_WARN_UNINITIALIZED_AUTOS = YES_AGGRESSIVE;
				GCC_WARN_UNUSED_FUNCTION = YES;
				GCC_WARN_UNUSED_VARIABLE = YES;
				IPHONEOS_DEPLOYMENT_TARGET = 14.4;
				MTL_ENABLE_DEBUG_INFO = NO;
				MTL_FAST_MATH = YES;
				SDKROOT = iphoneos;
				SWIFT_COMPILATION_MODE = wholemodule;
				SWIFT_OPTIMIZATION_LEVEL = "-O";
				VALIDATE_PRODUCT = YES;
			};
			name = Release;
		};
		C25FD9AF280B6D3C00100B8A /* Debug */ = {
			isa = XCBuildConfiguration;
			baseConfigurationReference = 1CBB0F1D9991EACBD882CEAA /* Pods-MoviesReviewer.debug.xcconfig */;
			buildSettings = {
				ASSETCATALOG_COMPILER_APPICON_NAME = AppIcon;
				ASSETCATALOG_COMPILER_GLOBAL_ACCENT_COLOR_NAME = AccentColor;
				CODE_SIGN_STYLE = Automatic;
				DEVELOPMENT_TEAM = 6SQ25UZ3V5;
				INFOPLIST_FILE = MoviesReviewer/Info.plist;
				LD_RUNPATH_SEARCH_PATHS = (
					"$(inherited)",
					"@executable_path/Frameworks",
				);
				PRODUCT_BUNDLE_IDENTIFIER = timdev.MoviesReviewer;
				PRODUCT_NAME = "$(TARGET_NAME)";
				SWIFT_VERSION = 5.0;
				TARGETED_DEVICE_FAMILY = "1,2";
			};
			name = Debug;
		};
		C25FD9B0280B6D3C00100B8A /* Release */ = {
			isa = XCBuildConfiguration;
			baseConfigurationReference = D6CE3F85957A4441CE1BC979 /* Pods-MoviesReviewer.release.xcconfig */;
			buildSettings = {
				ASSETCATALOG_COMPILER_APPICON_NAME = AppIcon;
				ASSETCATALOG_COMPILER_GLOBAL_ACCENT_COLOR_NAME = AccentColor;
				CODE_SIGN_STYLE = Automatic;
				DEVELOPMENT_TEAM = 6SQ25UZ3V5;
				INFOPLIST_FILE = MoviesReviewer/Info.plist;
				LD_RUNPATH_SEARCH_PATHS = (
					"$(inherited)",
					"@executable_path/Frameworks",
				);
				PRODUCT_BUNDLE_IDENTIFIER = timdev.MoviesReviewer;
				PRODUCT_NAME = "$(TARGET_NAME)";
				SWIFT_VERSION = 5.0;
				TARGETED_DEVICE_FAMILY = "1,2";
			};
			name = Release;
		};
/* End XCBuildConfiguration section */

/* Begin XCConfigurationList section */
		C25FD995280B6D3800100B8A /* Build configuration list for PBXProject "MoviesReviewer" */ = {
			isa = XCConfigurationList;
			buildConfigurations = (
				C25FD9AC280B6D3C00100B8A /* Debug */,
				C25FD9AD280B6D3C00100B8A /* Release */,
			);
			defaultConfigurationIsVisible = 0;
			defaultConfigurationName = Release;
		};
		C25FD9AE280B6D3C00100B8A /* Build configuration list for PBXNativeTarget "MoviesReviewer" */ = {
			isa = XCConfigurationList;
			buildConfigurations = (
				C25FD9AF280B6D3C00100B8A /* Debug */,
				C25FD9B0280B6D3C00100B8A /* Release */,
			);
			defaultConfigurationIsVisible = 0;
			defaultConfigurationName = Release;
		};
/* End XCConfigurationList section */
	};
	rootObject = C25FD992280B6D3800100B8A /* Project object */;
}
